
Microsoft Visual Studio Solution File, Format Version 12.00
# Visual Studio Version 17
VisualStudioVersion = 17.5.002.0
MinimumVisualStudioVersion = 10.0.40219.1
Project("{9A19103F-16F7-4668-BE54-9A1E7A4F7556}") = "Seminars5", "Seminars5\Seminars5.csproj", "{BA1FECAE-9DE5-4FDD-AF52-501EB0EB9C91}"
EndProject
Project("{2150E333-8FDC-42A3-9474-1A3956D46DE8}") = "Seminar2", "Seminar2", "{C2FD7522-C222-419F-9D3B-B27ADC80B219}"
EndProject
Project("{FAE04EC0-301F-11D3-BF4B-00C04F79EFBC}") = "Task1", "Seminar2\Task1\Task1.csproj", "{59A67C76-C172-4C7D-8D03-1AB1C2BAE9D5}"
EndProject
Project("{FAE04EC0-301F-11D3-BF4B-00C04F79EFBC}") = "Task2", "Seminar2\Task2\Task2.csproj", "{6A1EE7E4-A542-4143-A19B-82E3A3795AD0}"
EndProject
Project("{FAE04EC0-301F-11D3-BF4B-00C04F79EFBC}") = "Task3", "Seminar2\Task3\Task3.csproj", "{4184B410-C8A4-4651-9204-36BB6E6C5A0C}"
EndProject
Project("{FAE04EC0-301F-11D3-BF4B-00C04F79EFBC}") = "Task4", "Seminar2\Task4\Task4.csproj", "{EDA6ACD2-F482-410D-8027-56B179750B03}"
EndProject
Project("{2150E333-8FDC-42A3-9474-1A3956D46DE8}") = "Seminar3", "Seminar3", "{13C55132-615F-4915-BBD8-4755EBA680EC}"
EndProject
Project("{FAE04EC0-301F-11D3-BF4B-00C04F79EFBC}") = "Task1", "Seminar3\Task1\Task1.csproj", "{7FF8418D-4E2C-452D-B638-91EF51195A11}"
EndProject
Project("{FAE04EC0-301F-11D3-BF4B-00C04F79EFBC}") = "Task2", "Seminar3\Task2\Task2.csproj", "{AB08E0A5-E3C7-4C9D-8662-C3309C62B0A0}"
EndProject
Project("{FAE04EC0-301F-11D3-BF4B-00C04F79EFBC}") = "Task3", "Seminar3\Task3\Task3.csproj", "{E5B1A186-53BD-4D27-8337-763F7AC30EBD}"
EndProject
Project("{FAE04EC0-301F-11D3-BF4B-00C04F79EFBC}") = "Task4", "Seminar3\Task4\Task4.csproj", "{3F842A6C-B19D-4D81-B6C6-0892A7EB0934}"
EndProject
Project("{2150E333-8FDC-42A3-9474-1A3956D46DE8}") = "Seminar4", "Seminar4", "{6A352680-113F-43A6-9DB5-A2F581D28D71}"
EndProject
Project("{FAE04EC0-301F-11D3-BF4B-00C04F79EFBC}") = "Task1", "Seminar4\Task1\Task1.csproj", "{A661370F-F9AC-4551-9824-FB57275CEEF1}"
EndProject
Project("{FAE04EC0-301F-11D3-BF4B-00C04F79EFBC}") = "Task2", "Seminar4\Task2\Task2.csproj", "{4E5B2CBF-9A48-4B52-8760-49958BD33945}"
EndProject
Project("{FAE04EC0-301F-11D3-BF4B-00C04F79EFBC}") = "Task3", "Seminar4\Task3\Task3.csproj", "{B7EF33FA-20F7-4F57-A59C-179D14DA50CA}"
EndProject
Global
	GlobalSection(SolutionConfigurationPlatforms) = preSolution
		Debug|Any CPU = Debug|Any CPU
		Release|Any CPU = Release|Any CPU
	EndGlobalSection
	GlobalSection(ProjectConfigurationPlatforms) = postSolution
		{BA1FECAE-9DE5-4FDD-AF52-501EB0EB9C91}.Debug|Any CPU.ActiveCfg = Debug|Any CPU
		{BA1FECAE-9DE5-4FDD-AF52-501EB0EB9C91}.Debug|Any CPU.Build.0 = Debug|Any CPU
		{BA1FECAE-9DE5-4FDD-AF52-501EB0EB9C91}.Release|Any CPU.ActiveCfg = Release|Any CPU
		{BA1FECAE-9DE5-4FDD-AF52-501EB0EB9C91}.Release|Any CPU.Build.0 = Release|Any CPU
		{59A67C76-C172-4C7D-8D03-1AB1C2BAE9D5}.Debug|Any CPU.ActiveCfg = Debug|Any CPU
		{59A67C76-C172-4C7D-8D03-1AB1C2BAE9D5}.Debug|Any CPU.Build.0 = Debug|Any CPU
		{59A67C76-C172-4C7D-8D03-1AB1C2BAE9D5}.Release|Any CPU.ActiveCfg = Release|Any CPU
		{59A67C76-C172-4C7D-8D03-1AB1C2BAE9D5}.Release|Any CPU.Build.0 = Release|Any CPU
		{6A1EE7E4-A542-4143-A19B-82E3A3795AD0}.Debug|Any CPU.ActiveCfg = Debug|Any CPU
		{6A1EE7E4-A542-4143-A19B-82E3A3795AD0}.Debug|Any CPU.Build.0 = Debug|Any CPU
		{6A1EE7E4-A542-4143-A19B-82E3A3795AD0}.Release|Any CPU.ActiveCfg = Release|Any CPU
		{6A1EE7E4-A542-4143-A19B-82E3A3795AD0}.Release|Any CPU.Build.0 = Release|Any CPU
		{4184B410-C8A4-4651-9204-36BB6E6C5A0C}.Debug|Any CPU.ActiveCfg = Debug|Any CPU
		{4184B410-C8A4-4651-9204-36BB6E6C5A0C}.Debug|Any CPU.Build.0 = Debug|Any CPU
		{4184B410-C8A4-4651-9204-36BB6E6C5A0C}.Release|Any CPU.ActiveCfg = Release|Any CPU
		{4184B410-C8A4-4651-9204-36BB6E6C5A0C}.Release|Any CPU.Build.0 = Release|Any CPU
		{EDA6ACD2-F482-410D-8027-56B179750B03}.Debug|Any CPU.ActiveCfg = Debug|Any CPU
		{EDA6ACD2-F482-410D-8027-56B179750B03}.Debug|Any CPU.Build.0 = Debug|Any CPU
		{EDA6ACD2-F482-410D-8027-56B179750B03}.Release|Any CPU.ActiveCfg = Release|Any CPU
		{EDA6ACD2-F482-410D-8027-56B179750B03}.Release|Any CPU.Build.0 = Release|Any CPU
		{7FF8418D-4E2C-452D-B638-91EF51195A11}.Debug|Any CPU.ActiveCfg = Debug|Any CPU
		{7FF8418D-4E2C-452D-B638-91EF51195A11}.Debug|Any CPU.Build.0 = Debug|Any CPU
		{7FF8418D-4E2C-452D-B638-91EF51195A11}.Release|Any CPU.ActiveCfg = Release|Any CPU
		{7FF8418D-4E2C-452D-B638-91EF51195A11}.Release|Any CPU.Build.0 = Release|Any CPU
		{AB08E0A5-E3C7-4C9D-8662-C3309C62B0A0}.Debug|Any CPU.ActiveCfg = Debug|Any CPU
		{AB08E0A5-E3C7-4C9D-8662-C3309C62B0A0}.Debug|Any CPU.Build.0 = Debug|Any CPU
		{AB08E0A5-E3C7-4C9D-8662-C3309C62B0A0}.Release|Any CPU.ActiveCfg = Release|Any CPU
		{AB08E0A5-E3C7-4C9D-8662-C3309C62B0A0}.Release|Any CPU.Build.0 = Release|Any CPU
		{E5B1A186-53BD-4D27-8337-763F7AC30EBD}.Debug|Any CPU.ActiveCfg = Debug|Any CPU
		{E5B1A186-53BD-4D27-8337-763F7AC30EBD}.Debug|Any CPU.Build.0 = Debug|Any CPU
		{E5B1A186-53BD-4D27-8337-763F7AC30EBD}.Release|Any CPU.ActiveCfg = Release|Any CPU
		{E5B1A186-53BD-4D27-8337-763F7AC30EBD}.Release|Any CPU.Build.0 = Release|Any CPU
		{3F842A6C-B19D-4D81-B6C6-0892A7EB0934}.Debug|Any CPU.ActiveCfg = Debug|Any CPU
		{3F842A6C-B19D-4D81-B6C6-0892A7EB0934}.Debug|Any CPU.Build.0 = Debug|Any CPU
		{3F842A6C-B19D-4D81-B6C6-0892A7EB0934}.Release|Any CPU.ActiveCfg = Release|Any CPU
		{3F842A6C-B19D-4D81-B6C6-0892A7EB0934}.Release|Any CPU.Build.0 = Release|Any CPU
		{A661370F-F9AC-4551-9824-FB57275CEEF1}.Debug|Any CPU.ActiveCfg = Debug|Any CPU
		{A661370F-F9AC-4551-9824-FB57275CEEF1}.Debug|Any CPU.Build.0 = Debug|Any CPU
		{A661370F-F9AC-4551-9824-FB57275CEEF1}.Release|Any CPU.ActiveCfg = Release|Any CPU
		{A661370F-F9AC-4551-9824-FB57275CEEF1}.Release|Any CPU.Build.0 = Release|Any CPU
		{4E5B2CBF-9A48-4B52-8760-49958BD33945}.Debug|Any CPU.ActiveCfg = Debug|Any CPU
		{4E5B2CBF-9A48-4B52-8760-49958BD33945}.Debug|Any CPU.Build.0 = Debug|Any CPU
		{4E5B2CBF-9A48-4B52-8760-49958BD33945}.Release|Any CPU.ActiveCfg = Release|Any CPU
		{4E5B2CBF-9A48-4B52-8760-49958BD33945}.Release|Any CPU.Build.0 = Release|Any CPU
		{B7EF33FA-20F7-4F57-A59C-179D14DA50CA}.Debug|Any CPU.ActiveCfg = Debug|Any CPU
		{B7EF33FA-20F7-4F57-A59C-179D14DA50CA}.Debug|Any CPU.Build.0 = Debug|Any CPU
		{B7EF33FA-20F7-4F57-A59C-179D14DA50CA}.Release|Any CPU.ActiveCfg = Release|Any CPU
		{B7EF33FA-20F7-4F57-A59C-179D14DA50CA}.Release|Any CPU.Build.0 = Release|Any CPU
	EndGlobalSection
	GlobalSection(SolutionProperties) = preSolution
		HideSolutionNode = FALSE
	EndGlobalSection
	GlobalSection(ExtensibilityGlobals) = postSolution
		SolutionGuid = {4D103B51-B0D0-41E0-90C5-8163262DB42D}
	EndGlobalSection
	GlobalSection(NestedProjects) = preSolution
		{59A67C76-C172-4C7D-8D03-1AB1C2BAE9D5} = {C2FD7522-C222-419F-9D3B-B27ADC80B219}
		{6A1EE7E4-A542-4143-A19B-82E3A3795AD0} = {C2FD7522-C222-419F-9D3B-B27ADC80B219}
		{4184B410-C8A4-4651-9204-36BB6E6C5A0C} = {C2FD7522-C222-419F-9D3B-B27ADC80B219}
		{EDA6ACD2-F482-410D-8027-56B179750B03} = {C2FD7522-C222-419F-9D3B-B27ADC80B219}
		{7FF8418D-4E2C-452D-B638-91EF51195A11} = {13C55132-615F-4915-BBD8-4755EBA680EC}
		{AB08E0A5-E3C7-4C9D-8662-C3309C62B0A0} = {13C55132-615F-4915-BBD8-4755EBA680EC}
		{E5B1A186-53BD-4D27-8337-763F7AC30EBD} = {13C55132-615F-4915-BBD8-4755EBA680EC}
		{3F842A6C-B19D-4D81-B6C6-0892A7EB0934} = {13C55132-615F-4915-BBD8-4755EBA680EC}
		{A661370F-F9AC-4551-9824-FB57275CEEF1} = {6A352680-113F-43A6-9DB5-A2F581D28D71}
		{4E5B2CBF-9A48-4B52-8760-49958BD33945} = {6A352680-113F-43A6-9DB5-A2F581D28D71}
		{B7EF33FA-20F7-4F57-A59C-179D14DA50CA} = {6A352680-113F-43A6-9DB5-A2F581D28D71}
	EndGlobalSection
EndGlobal
